Microsoft Visual Studio Solution File, Format Version 12.00
# Visual Studio Version 17
VisualStudioVersion = 17.5.2.0
MinimumVisualStudioVersion = 10.0.40219.1
Project("{2150E333-8FDC-42A3-9474-1A3956D46DE8}") = "apps", "apps", "{1787FE1D-075E-9E68-7218-25F1BD1BBEAB}"
EndProject
Project("{2150E333-8FDC-42A3-9474-1A3956D46DE8}") = "demo-be-csas", "demo-be-csas", "{797DCA79-6176-14B5-BFA6-8E9C050370A3}"
EndProject
Project("{2150E333-8FDC-42A3-9474-1A3956D46DE8}") = "tests", "tests", "{B3347020-41AA-28C1-C7FF-757E623DC291}"
EndProject
Project("{FAE04EC0-301F-11D3-BF4B-00C04F79EFBC}") = "DemoBeCsas.Tests", "apps\demo-be-csas\tests\DemoBeCsas.Tests\DemoBeCsas.Tests.csproj", "{CD9730FC-947B-FCC0-DE1C-FB445BD41DCA}"
EndProject
Project("{2150E333-8FDC-42A3-9474-1A3956D46DE8}") = "src", "src", "{69F0BE8A-CD79-38BA-B8F7-DC886949F317}"
EndProject
Project("{FAE04EC0-301F-11D3-BF4B-00C04F79EFBC}") = "DemoBeCsas", "apps\demo-be-csas\src\DemoBeCsas\DemoBeCsas.csproj", "{9A3F5925-7F1C-4296-DAA0-7BB3332B840C}"
EndProject
Global
	GlobalSection(SolutionConfigurationPlatforms) = preSolution
		Debug|Any CPU = Debug|Any CPU
		Release|Any CPU = Release|Any CPU
	EndGlobalSection
	GlobalSection(ProjectConfigurationPlatforms) = postSolution
		{CD9730FC-947B-FCC0-DE1C-FB445BD41DCA}.Debug|Any CPU.ActiveCfg = Debug|Any CPU
		{CD9730FC-947B-FCC0-DE1C-FB445BD41DCA}.Debug|Any CPU.Build.0 = Debug|Any CPU
		{CD9730FC-947B-FCC0-DE1C-FB445BD41DCA}.Release|Any CPU.ActiveCfg = Release|Any CPU
		{CD9730FC-947B-FCC0-DE1C-FB445BD41DCA}.Release|Any CPU.Build.0 = Release|Any CPU
		{9A3F5925-7F1C-4296-DAA0-7BB3332B840C}.Debug|Any CPU.ActiveCfg = Debug|Any CPU
		{9A3F5925-7F1C-4296-DAA0-7BB3332B840C}.Debug|Any CPU.Build.0 = Debug|Any CPU
		{9A3F5925-7F1C-4296-DAA0-7BB3332B840C}.Release|Any CPU.ActiveCfg = Release|Any CPU
		{9A3F5925-7F1C-4296-DAA0-7BB3332B840C}.Release|Any CPU.Build.0 = Release|Any CPU
	EndGlobalSection
	GlobalSection(SolutionProperties) = preSolution
		HideSolutionNode = FALSE
	EndGlobalSection
	GlobalSection(NestedProjects) = preSolution
		{797DCA79-6176-14B5-BFA6-8E9C050370A3} = {1787FE1D-075E-9E68-7218-25F1BD1BBEAB}
		{B3347020-41AA-28C1-C7FF-757E623DC291} = {797DCA79-6176-14B5-BFA6-8E9C050370A3}
		{CD9730FC-947B-FCC0-DE1C-FB445BD41DCA} = {B3347020-41AA-28C1-C7FF-757E623DC291}
		{69F0BE8A-CD79-38BA-B8F7-DC886949F317} = {797DCA79-6176-14B5-BFA6-8E9C050370A3}
		{9A3F5925-7F1C-4296-DAA0-7BB3332B840C} = {69F0BE8A-CD79-38BA-B8F7-DC886949F317}
	EndGlobalSection
	GlobalSection(ExtensibilityGlobals) = postSolution
		SolutionGuid = {9380FC9C-7233-49BF-AACE-2A3010968675}
	EndGlobalSection
EndGlobal
