version=v0.3.0
commit=9872bf4ce0c2443f23350de916283eaf822ad850
aarch64-apple-darwin=dbd9759999485d12029139b611637cc07e8d2122487ea07176f436bd68f7fbae
x86_64-apple-darwin=76cd1db1bc41e466577dadc86d0189ab41d9335a1a3bd7a00575e8cfedc84233
aarch64-unknown-linux-gnu=52f55e126d2b14eee018768b3ebbc4312f2623a7460f9063ffa4be02dc4da01f
x86_64-unknown-linux-gnu=2bbf0c3ff6f15479d30bdb8f7a93e0ef7784a6800f559ae6deee2a135905f452
