version=v0.4.0-rc.10
commit=b60c8fb92511eb01610e28f9e79463a6a8cbf9fa
aarch64-apple-darwin=28878abe92c8f07e31cf67a8db7274ee9d7cdac5bd1e3e6e5f27077787f21eff
x86_64-apple-darwin=af796036123e3e905bf1eb8efa3475bd33b56de2509a03dd9b081af27e5e1030
aarch64-unknown-linux-gnu=818e9f0f36fc4a0e5fa31154bf22919ee660dcf91b3b3aa55328838bf9d37b4c
x86_64-unknown-linux-gnu=2340d8b2f584cc03991a1bab4022525c0a218edd10c2c415154f5a96f1fc381d
